version = 1
revision = 3
requires-python = ">=3.11"
resolution-markers = [
    "python_full_version >= '3.13'",
    "python_full_version == '3.12.*'",
    "python_full_version < '3.12'",
]

[[package]]
name = "annotated-types"
version = "0.7.0"
source = { registry = "https://pypi.org/simple" }
sdist = { url = "https://files.pythonhosted.org/packages/ee/67/531ea369ba64dcff5ec9c3402f9f51bf748cec26dde048a2f973a4eea7f5/annotated_types-0.7.0.tar.gz", hash = "sha256:aff07c09a53a08bc8cfccb9c85b05f1aa9a2a6f23728d790723543408344ce89", size = 16081, upload-time = "2024-05-20T21:33:25.928Z" }
wheels = [
    { url = "https://files.pythonhosted.org/packages/78/b6/6307fbef88d9b5ee7421e68d78a9f162e0da4900bc5f5793f6d3d0e34fb8/annotated_types-0.7.0-py3-none-any.whl", hash = "sha256:1f02e8b43a8fbbc3f3e0d4f0f4bfc8131bcb4eebe8849b8e5c773f3a1c582a53", size = 13643, upload-time = "2024-05-20T21:33:24.1Z" },
]

[[package]]
name = "capstone"
version = "5.0.7"
source = { registry = "https://pypi.org/simple" }
sdist = { url = "https://files.pythonhosted.org/packages/dd/9c/28b11f64e2425774efb21c206a6e952cfce6e3e2ef3e4b63cdae32ccd8a5/capstone-5.0.7.tar.gz", hash = "sha256:796bdd69b05fa124fc2aa2e74b9a0b3d4c4e7f3e02add5e583cf2f3bca282ede", size = 2945245, upload-time = "2026-02-09T22:51:56.392Z" }
wheels = [
    { url = "https://files.pythonhosted.org/packages/b2/91/98fdb020106469d2354920ffb989507f8c494d847eb9135202a0b20afe8d/capstone-5.0.7-py3-none-macosx_10_9_universal2.whl", hash = "sha256:388af4ddb9224d3b4f9269673ee575b3f94f77774d48b3f1a283ad13c29a106a", size = 2192836, upload-time = "2026-02-09T22:51:42.782Z" },
    { url = "https://files.pythonhosted.org/packages/b7/6c/f02847b3385651eb00a6a27049bd12982cdd61e981b248e7f0dc8ed15756/capstone-5.0.7-py3-none-macosx_10_9_x86_64.whl", hash = "sha256:a9f64e3d75d8c4d7b3d26bba153b2992aadcf6b8d57674b4ef176b4ecdd9822f", size = 1188995, upload-time = "2026-02-09T22:51:44.653Z" },
    { url = "https://files.pythonhosted.org/packages/8f/43/29cd1dbdb2b55bf339bca36444809503b8311dcc04898726a7e35b47ac86/capstone-5.0.7-py3-none-macosx_11_0_arm64.whl", hash = "sha256:acb89f5bf6f625745a104a3a44819d3acea173228055c1eadc60d2282ae490bb", size = 1200084, upload-time = "2026-02-09T22:51:45.668Z" },
    { url = "https://files.pythonhosted.org/packages/7d/32/084419edcd9a3efaadf5c22166de625090fae833aad0672ddd9fa436d1e2/capstone-5.0.7-py3-none-manylinux_2_17_aarch64.manylinux2014_aarch64.whl", hash = "sha256:c58546c814567c95e4b9a63bdb8624c960cb8508855c7c767d5f108d7bc09ce2", size = 1458867, upload-time = "2026-02-09T22:51:46.8Z" },
    { url = "https://files.pythonhosted.org/packages/15/3e/3a4f45dd4eda6fc8051f76bf3ed50ead6040d827000371211fbaaf057625/capstone-5.0.7-py3-none-manylinux_2_17_x86_64.manylinux2014_x86_64.whl", hash = "sha256:b809a9654844ce0d35099121a851ddd2ab2689df1ff6687037babcedcaae6391", size = 1482184, upload-time = "2026-02-09T22:51:48.467Z" },
    { url = "https://files.pythonhosted.org/packages/4b/a8/6b4df60c822aaeb42954ea6c9fdbf3410feaa6bea6dc3f18f6c363fd1ed2/capstone-5.0.7-py3-none-manylinux_2_5_i686.manylinux1_i686.manylinux_2_17_i686.manylinux2014_i686.whl", hash = "sha256:80b0f1b93fc703c419fda8cf84cfa017fd8909be62a4e88024273126ab16f006", size = 1481169, upload-time = "2026-02-09T22:51:49.574Z" },
    { url = "https://files.pythonhosted.org/packages/05/24/4162bbc2591091dfa6c161b4a9ef1a6eccb739c20798e58f59f917a8a3d1/capstone-5.0.7-py3-none-musllinux_1_2_aarch64.whl", hash = "sha256:467716e6555d50cb3526b290f0dbdccb5f961839b1f1e299b484fb5d814173e6", size = 1457760, upload-time = "2026-02-09T22:51:50.863Z" },
    { url = "https://files.pythonhosted.org/packages/e1/51/e3913f53ed03a8f7311b1efacbc1052811e129baa37b4f14e79da3cbc0c6/capstone-5.0.7-py3-none-musllinux_1_2_i686.whl", hash = "sha256:e551311d4b6dc344fe5518ef6decf4c2dfafe37bba9ad027a53a406930bc5c63", size = 1484528, upload-time = "2026-02-09T22:51:52.483Z" },
    { url = "https://files.pythonhosted.org/packages/0b/98/a7d631f7bca9de02357637cfab1fb90a67992905f2041357ac5732c8a4cd/capstone-5.0.7-py3-none-musllinux_1_2_x86_64.whl", hash = "sha256:a13437b28b136c886600e88bee192d25adf56ba1db5597ff5a0bec758bb9c533", size = 1486041, upload-time = "2026-02-09T22:51:53.729Z" },
    { url = "https://files.pythonhosted.org/packages/70/39/2138d890a8e827636b9de9924fbc8527fe83e38b6d26605b30ac55e30ebe/capstone-5.0.7-py3-none-win_amd64.whl", hash = "sha256:4ab8bcb7da8f221ff45926ca168ca33e76f7237d06fbf3c10780002faa2670e1", size = 1272204, upload-time = "2026-02-09T22:51:54.829Z" },
]

[[package]]
name = "colorama"
version = "0.4.6"
source = { registry = "https://pypi.org/simple" }
sdist = { url = "https://files.pythonhosted.org/packages/d8/53/6f443c9a4a8358a93a6792e2acffb9d9d5cb0a5cfd8802644b7b1c9a02e4/colorama-0.4.6.tar.gz", hash = "sha256:08695f5cb7ed6e0531a20572697297273c47b8cae5a63ffc6d6ed5c201be6e44", size = 27697, upload-time = "2022-10-25T02:36:22.414Z" }
wheels = [
    { url = "https://files.pythonhosted.org/packages/d1/d6/3965ed04c63042e047cb6a3e6ed1a63a35087b6a609aa3a15ed8ac56c221/colorama-0.4.6-py2.py3-none-any.whl", hash = "sha256:4f1d9991f5acc0ca119f9d443620b77f9d6b33703e51011c16baf57afb285fc6", size = 25335, upload-time = "2022-10-25T02:36:20.889Z" },
]

[[package]]
name = "imperialism-decomp"
version = "0.1.0"
source = { virtual = "." }

[package.dev-dependencies]
reccmp = [
    { name = "reccmp" },
]

[package.metadata]

[package.metadata.requires-dev]
reccmp = [{ name = "reccmp", git = "https://github.com/isledecomp/reccmp.git?rev=master" }]

[[package]]
name = "jpype1"
version = "1.6.0"
source = { registry = "https://pypi.org/simple" }
dependencies = [
    { name = "packaging" },
]
sdist = { url = "https://files.pythonhosted.org/packages/34/49/6090a131d84b22c6aae13b1853092028b060fd17da1af87c0e42ad69d50f/jpype1-1.6.0.tar.gz", hash = "sha256:2d46b2a14f8f0e6f17d8aa22b4fc3a64b2790851ebf1409ad79a37c698fd6e9a", size = 1057888, upload-time = "2025-07-07T14:04:11.244Z" }
wheels = [
    { url = "https://files.pythonhosted.org/packages/7c/ff/688b8ecbce3c4fa8ee34bc364d447f372d2dcc9597742e7331a328b07f20/jpype1-1.6.0-cp311-cp311-macosx_10_9_universal2.whl", hash = "sha256:40b523e11b22398a8ddb777f1e6e8d55108a631311f35b48b0ed0f4c9198d025", size = 583485, upload-time = "2025-07-07T13:50:29.366Z" },
    { url = "https://files.pythonhosted.org/packages/4b/2a/997c0381028998522ef9103a1730be40eee2c8eb5ca244a295f9d5c6a6e2/jpype1-1.6.0-cp311-cp311-manylinux2014_aarch64.manylinux_2_17_aarch64.whl", hash = "sha256:ae5927e441894d41b65e08390a0ea6a6512fe222c07aa33fbab623512092fdbd", size = 468977, upload-time = "2025-07-07T13:50:31.526Z" },
    { url = "https://files.pythonhosted.org/packages/2d/f9/e3b0a467b3ac2c4eeac5ca57764bf49a859b10f08f43e5179e1a283d2a9b/jpype1-1.6.0-cp311-cp311-manylinux2014_i686.manylinux_2_17_i686.whl", hash = "sha256:9d85c2077172a32dd8ffde8711cb57c5bc351378ceb44dd8c3bdd80f27fa8caf", size = 512946, upload-time = "2025-07-07T13:50:33.452Z" },
    { url = "https://files.pythonhosted.org/packages/b2/b4/1167be1572704fc365f31038a862afae26dda5006c7f4178f44c27779e37/jpype1-1.6.0-cp311-cp311-manylinux2014_x86_64.manylinux_2_17_x86_64.whl", hash = "sha256:f5a02cbba4022a0aa47ee617bc12349457988c653491484a988dc8f4e6269dfc", size = 496609, upload-time = "2025-07-07T13:50:35.631Z" },
    { url = "https://files.pythonhosted.org/packages/25/a9/3ed33c24c86d234cb6fd5c6701b64f0a39ed4fd63fd5bd45ad8ce6ac72d9/jpype1-1.6.0-cp311-cp311-win_amd64.whl", hash = "sha256:966daa892e6cd9ec3b2b92fd7a6d572687b29021e6d28fb73995a62ddd0a11eb", size = 356597, upload-time = "2025-07-07T13:50:37.54Z" },
    { url = "https://files.pythonhosted.org/packages/38/88/2156a27251492169f947850293d9870d49d784f1355fad7e920095636721/jpype1-1.6.0-cp312-cp312-macosx_10_9_universal2.whl", hash = "sha256:5454322887505097c46f41521becf31cda2303f54e35cb42e20f1a180055a558", size = 582187, upload-time = "2025-07-07T13:50:39.034Z" },
    { url = "https://files.pythonhosted.org/packages/6b/5d/51bde8695cc3eabcc465779f6dc23b149194bbcdcb8d221a9572422053f4/jpype1-1.6.0-cp312-cp312-manylinux2014_aarch64.manylinux_2_17_aarch64.whl", hash = "sha256:cf646459023a0dd71b3cc3aeeb977225a93f94c97839bb4e6146977b166c7caf", size = 468341, upload-time = "2025-07-07T13:50:40.739Z" },
    { url = "https://files.pythonhosted.org/packages/7a/a1/50cdc2bf9e51c0828faabec6fad50d61aada5a57d0bc435f4db0c16eb2ca/jpype1-1.6.0-cp312-cp312-manylinux2014_i686.manylinux_2_17_i686.whl", hash = "sha256:7a98b34bc68a117881382dffa9b02d5e1d0d94325f85d7f564c33cc9e9d2916b", size = 511724, upload-time = "2025-07-07T13:50:42.479Z" },
    { url = "https://files.pythonhosted.org/packages/c4/a4/6038228e44cbcdb8f96ff2518cd6c577730f31fb62e9f46de7efdfabc2de/jpype1-1.6.0-cp312-cp312-manylinux2014_x86_64.manylinux_2_17_x86_64.whl", hash = "sha256:b56d7b662ce353c7f876e9ff3d4e775918348340795801e1f00c3b6241006264", size = 495897, upload-time = "2025-07-07T13:50:44.018Z" },
    { url = "https://files.pythonhosted.org/packages/8c/e4/af69d43779da0e49d37d7fd8a4a01bede03f6a3bab450eab1c10cf48e20e/jpype1-1.6.0-cp312-cp312-win_amd64.whl", hash = "sha256:cf41134bc59c28de2721614ed00a34f76f69f2b525583a5c42fee5c7bae05d40", size = 355702, upload-time = "2025-07-07T13:50:45.368Z" },
    { url = "https://files.pythonhosted.org/packages/3f/1b/7167cfb702cfbcb17b0973150608f9cb92c3f409ebaaff655f7389617766/jpype1-1.6.0-cp313-cp313-macosx_10_13_universal2.whl", hash = "sha256:ce1da9ff01010a4529de194aecc053bfc8ab25440ea6b63579ef8c8d381da21d", size = 582384, upload-time = "2025-07-07T13:50:47.418Z" },
    { url = "https://files.pythonhosted.org/packages/c0/48/8ae425d8842bc76eb51052bbea5941dac230c8f6b58614ef2b7cb2da1a74/jpype1-1.6.0-cp313-cp313-manylinux2014_aarch64.manylinux_2_17_aarch64.whl", hash = "sha256:4a387430cd4f3f68761013dca7f71b79d8d64b47dfd56eedcbd44c894d98d7f2", size = 468237, upload-time = "2025-07-07T13:50:48.925Z" },
    { url = "https://files.pythonhosted.org/packages/ef/2f/dbdc15aa99404dda0315a9883add7422c9ac7acce28ce24b66c89052c2fb/jpype1-1.6.0-cp313-cp313-manylinux2014_i686.manylinux_2_17_i686.whl", hash = "sha256:6c9d99f41a5d05a8a2b6aeda796f646904c1c2b68aed0cc9a3bbc165483d9e1e", size = 511905, upload-time = "2025-07-07T13:50:50.87Z" },
    { url = "https://files.pythonhosted.org/packages/00/0d/50fcdd6d3bb42a87cbda8b04fc72283a9c6d955ada0d011190ce31e0e027/jpype1-1.6.0-cp313-cp313-manylinux2014_x86_64.manylinux_2_17_x86_64.whl", hash = "sha256:55ba7257988a69bee84f7cd1444131725d5447999149fdafdba25bf46e4b1a3f", size = 496001, upload-time = "2025-07-07T13:50:52.711Z" },
    { url = "https://files.pythonhosted.org/packages/4f/b8/25214a9ebecbd31447b685500dca5fe2ac070df38358d6823f591a8ce52e/jpype1-1.6.0-cp313-cp313-win_amd64.whl", hash = "sha256:ef8dd72442d91cde7e5eefef24ab71323cdd4137283a59f79d265a6620f7d0ab", size = 355727, upload-time = "2025-07-07T13:51:00.402Z" },
    { url = "https://files.pythonhosted.org/packages/29/a0/b2347572998020de8ce3ee0a285a1b84b052b522e8d452ee9ad330570918/jpype1-1.6.0-cp313-cp313t-manylinux2014_aarch64.manylinux_2_17_aarch64.whl", hash = "sha256:dc0c1c8b989b9857f87648980a746084b323858b0450225eab3642bb674645d6", size = 471150, upload-time = "2025-07-07T13:50:54.254Z" },
    { url = "https://files.pythonhosted.org/packages/7c/62/5e0f64a185f37303d0dd07e7b7a927cd5237fdc3c8176add949ed8cafaa2/jpype1-1.6.0-cp313-cp313t-manylinux2014_i686.manylinux_2_17_i686.whl", hash = "sha256:cbbba16381ccd23530ad4ef09f7b2b1b12bd7fd0f6ca9fe4c7b4e3da8fe4cf63", size = 514015, upload-time = "2025-07-07T13:50:56.299Z" },
    { url = "https://files.pythonhosted.org/packages/72/68/84050ed2679e2d2ee2030a60d3e5a59a29d0533cd03fd8d9891e36592b0f/jpype1-1.6.0-cp313-cp313t-manylinux2014_x86_64.manylinux_2_17_x86_64.whl", hash = "sha256:1a3814e4f65d67e36bdb03b8851d5ece8d7a408aa3a24251ea0609bb8fba77dd", size = 497229, upload-time = "2025-07-07T13:50:57.842Z" },
]

[[package]]
name = "packaging"
version = "26.0"
source = { registry = "https://pypi.org/simple" }
sdist = { url = "https://files.pythonhosted.org/packages/65/ee/299d360cdc32edc7d2cf530f3accf79c4fca01e96ffc950d8a52213bd8e4/packaging-26.0.tar.gz", hash = "sha256:00243ae351a257117b6a241061796684b084ed1c516a08c48a3f7e147a9d80b4", size = 143416, upload-time = "2026-01-21T20:50:39.064Z" }
wheels = [
    { url = "https://files.pythonhosted.org/packages/b7/b9/c538f279a4e237a006a2c98387d081e9eb060d203d8ed34467cc0f0b9b53/packaging-26.0-py3-none-any.whl", hash = "sha256:b36f1fef9334a5588b4166f8bcd26a14e521f2b55e6b9de3aaa80d3ff7a37529", size = 74366, upload-time = "2026-01-21T20:50:37.788Z" },
]

[[package]]
name = "pydantic"
version = "2.9.2"
source = { registry = "https://pypi.org/simple" }
dependencies = [
    { name = "annotated-types" },
    { name = "pydantic-core" },
    { name = "typing-extensions" },
]
sdist = { url = "https://files.pythonhosted.org/packages/a9/b7/d9e3f12af310e1120c21603644a1cd86f59060e040ec5c3a80b8f05fae30/pydantic-2.9.2.tar.gz", hash = "sha256:d155cef71265d1e9807ed1c32b4c8deec042a44a50a4188b25ac67ecd81a9c0f", size = 769917, upload-time = "2024-09-17T15:59:54.273Z" }
wheels = [
    { url = "https://files.pythonhosted.org/packages/df/e4/ba44652d562cbf0bf320e0f3810206149c8a4e99cdbf66da82e97ab53a15/pydantic-2.9.2-py3-none-any.whl", hash = "sha256:f048cec7b26778210e28a0459867920654d48e5e62db0958433636cde4254f12", size = 434928, upload-time = "2024-09-17T15:59:51.827Z" },
]

[[package]]
name = "pydantic-core"
version = "2.23.4"
source = { registry = "https://pypi.org/simple" }
dependencies = [
    { name = "typing-extensions" },
]
sdist = { url = "https://files.pythonhosted.org/packages/e2/aa/6b6a9b9f8537b872f552ddd46dd3da230367754b6f707b8e1e963f515ea3/pydantic_core-2.23.4.tar.gz", hash = "sha256:2584f7cf844ac4d970fba483a717dbe10c1c1c96a969bf65d61ffe94df1b2863", size = 402156, upload-time = "2024-09-16T16:06:44.786Z" }
wheels = [
    { url = "https://files.pythonhosted.org/packages/5d/30/890a583cd3f2be27ecf32b479d5d615710bb926d92da03e3f7838ff3e58b/pydantic_core-2.23.4-cp311-cp311-macosx_10_12_x86_64.whl", hash = "sha256:77733e3892bb0a7fa797826361ce8a9184d25c8dffaec60b7ffe928153680ba8", size = 1865160, upload-time = "2024-09-16T16:04:18.628Z" },
    { url = "https://files.pythonhosted.org/packages/1d/9a/b634442e1253bc6889c87afe8bb59447f106ee042140bd57680b3b113ec7/pydantic_core-2.23.4-cp311-cp311-macosx_11_0_arm64.whl", hash = "sha256:1b84d168f6c48fabd1f2027a3d1bdfe62f92cade1fb273a5d68e621da0e44e6d", size = 1776777, upload-time = "2024-09-16T16:04:20.038Z" },
    { url = "https://files.pythonhosted.org/packages/75/9a/7816295124a6b08c24c96f9ce73085032d8bcbaf7e5a781cd41aa910c891/pydantic_core-2.23.4-cp311-cp311-manylinux_2_17_aarch64.manylinux2014_aarch64.whl", hash = "sha256:df49e7a0861a8c36d089c1ed57d308623d60416dab2647a4a17fe050ba85de0e", size = 1799244, upload-time = "2024-09-16T16:04:21.799Z" },
    { url = "https://files.pythonhosted.org/packages/a9/8f/89c1405176903e567c5f99ec53387449e62f1121894aa9fc2c4fdc51a59b/pydantic_core-2.23.4-cp311-cp311-manylinux_2_17_armv7l.manylinux2014_armv7l.whl", hash = "sha256:ff02b6d461a6de369f07ec15e465a88895f3223eb75073ffea56b84d9331f607", size = 1805307, upload-time = "2024-09-16T16:04:23.324Z" },
    { url = "https://files.pythonhosted.org/packages/d5/a5/1a194447d0da1ef492e3470680c66048fef56fc1f1a25cafbea4bc1d1c48/pydantic_core-2.23.4-cp311-cp311-manylinux_2_17_ppc64le.manylinux2014_ppc64le.whl", hash = "sha256:996a38a83508c54c78a5f41456b0103c30508fed9abcad0a59b876d7398f25fd", size = 2000663, upload-time = "2024-09-16T16:04:25.203Z" },
    { url = "https://files.pythonhosted.org/packages/13/a5/1df8541651de4455e7d587cf556201b4f7997191e110bca3b589218745a5/pydantic_core-2.23.4-cp311-cp311-manylinux_2_17_s390x.manylinux2014_s390x.whl", hash = "sha256:d97683ddee4723ae8c95d1eddac7c192e8c552da0c73a925a89fa8649bf13eea", size = 2655941, upload-time = "2024-09-16T16:04:27.211Z" },
    { url = "https://files.pythonhosted.org/packages/44/31/a3899b5ce02c4316865e390107f145089876dff7e1dfc770a231d836aed8/pydantic_core-2.23.4-cp311-cp311-manylinux_2_17_x86_64.manylinux2014_x86_64.whl", hash = "sha256:216f9b2d7713eb98cb83c80b9c794de1f6b7e3145eef40400c62e86cee5f4e1e", size = 2052105, upload-time = "2024-09-16T16:04:28.611Z" },
    { url = "https://files.pythonhosted.org/packages/1b/aa/98e190f8745d5ec831f6d5449344c48c0627ac5fed4e5340a44b74878f8e/pydantic_core-2.23.4-cp311-cp311-manylinux_2_5_i686.manylinux1_i686.whl", hash = "sha256:6f783e0ec4803c787bcea93e13e9932edab72068f68ecffdf86a99fd5918878b", size = 1919967, upload-time = "2024-09-16T16:04:30.045Z" },
    { url = "https://files.pythonhosted.org/packages/ae/35/b6e00b6abb2acfee3e8f85558c02a0822e9a8b2f2d812ea8b9079b118ba0/pydantic_core-2.23.4-cp311-cp311-musllinux_1_1_aarch64.whl", hash = "sha256:d0776dea117cf5272382634bd2a5c1b6eb16767c223c6a5317cd3e2a757c61a0", size = 1964291, upload-time = "2024-09-16T16:04:32.376Z" },
    { url = "https://files.pythonhosted.org/packages/13/46/7bee6d32b69191cd649bbbd2361af79c472d72cb29bb2024f0b6e350ba06/pydantic_core-2.23.4-cp311-cp311-musllinux_1_1_x86_64.whl", hash = "sha256:d5f7a395a8cf1621939692dba2a6b6a830efa6b3cee787d82c7de1ad2930de64", size = 2109666, upload-time = "2024-09-16T16:04:33.923Z" },
    { url = "https://files.pythonhosted.org/packages/39/ef/7b34f1b122a81b68ed0a7d0e564da9ccdc9a2924c8d6c6b5b11fa3a56970/pydantic_core-2.23.4-cp311-none-win32.whl", hash = "sha256:74b9127ffea03643e998e0c5ad9bd3811d3dac8c676e47db17b0ee7c3c3bf35f", size = 1732940, upload-time = "2024-09-16T16:04:35.467Z" },
    { url = "https://files.pythonhosted.org/packages/2f/76/37b7e76c645843ff46c1d73e046207311ef298d3f7b2f7d8f6ac60113071/pydantic_core-2.23.4-cp311-none-win_amd64.whl", hash = "sha256:98d134c954828488b153d88ba1f34e14259284f256180ce659e8d83e9c05eaa3", size = 1916804, upload-time = "2024-09-16T16:04:37.06Z" },
    { url = "https://files.pythonhosted.org/packages/74/7b/8e315f80666194b354966ec84b7d567da77ad927ed6323db4006cf915f3f/pydantic_core-2.23.4-cp312-cp312-macosx_10_12_x86_64.whl", hash = "sha256:f3e0da4ebaef65158d4dfd7d3678aad692f7666877df0002b8a522cdf088f231", size = 1856459, upload-time = "2024-09-16T16:04:38.438Z" },
    { url = "https://files.pythonhosted.org/packages/14/de/866bdce10ed808323d437612aca1ec9971b981e1c52e5e42ad9b8e17a6f6/pydantic_core-2.23.4-cp312-cp312-macosx_11_0_arm64.whl", hash = "sha256:f69a8e0b033b747bb3e36a44e7732f0c99f7edd5cea723d45bc0d6e95377ffee", size = 1770007, upload-time = "2024-09-16T16:04:40.229Z" },
    { url = "https://files.pythonhosted.org/packages/dc/69/8edd5c3cd48bb833a3f7ef9b81d7666ccddd3c9a635225214e044b6e8281/pydantic_core-2.23.4-cp312-cp312-manylinux_2_17_aarch64.manylinux2014_aarch64.whl", hash = "sha256:723314c1d51722ab28bfcd5240d858512ffd3116449c557a1336cbe3919beb87", size = 1790245, upload-time = "2024-09-16T16:04:41.794Z" },
    { url = "https://files.pythonhosted.org/packages/80/33/9c24334e3af796ce80d2274940aae38dd4e5676298b4398eff103a79e02d/pydantic_core-2.23.4-cp312-cp312-manylinux_2_17_armv7l.manylinux2014_armv7l.whl", hash = "sha256:bb2802e667b7051a1bebbfe93684841cc9351004e2badbd6411bf357ab8d5ac8", size = 1801260, upload-time = "2024-09-16T16:04:43.991Z" },
    { url = "https://files.pythonhosted.org/packages/a5/6f/e9567fd90104b79b101ca9d120219644d3314962caa7948dd8b965e9f83e/pydantic_core-2.23.4-cp312-cp312-manylinux_2_17_ppc64le.manylinux2014_ppc64le.whl", hash = "sha256:d18ca8148bebe1b0a382a27a8ee60350091a6ddaf475fa05ef50dc35b5df6327", size = 1996872, upload-time = "2024-09-16T16:04:45.593Z" },
    { url = "https://files.pythonhosted.org/packages/2d/ad/b5f0fe9e6cfee915dd144edbd10b6e9c9c9c9d7a56b69256d124b8ac682e/pydantic_core-2.23.4-cp312-cp312-manylinux_2_17_s390x.manylinux2014_s390x.whl", hash = "sha256:33e3d65a85a2a4a0dc3b092b938a4062b1a05f3a9abde65ea93b233bca0e03f2", size = 2661617, upload-time = "2024-09-16T16:04:47.3Z" },
    { url = "https://files.pythonhosted.org/packages/06/c8/7d4b708f8d05a5cbfda3243aad468052c6e99de7d0937c9146c24d9f12e9/pydantic_core-2.23.4-cp312-cp312-manylinux_2_17_x86_64.manylinux2014_x86_64.whl", hash = "sha256:128585782e5bfa515c590ccee4b727fb76925dd04a98864182b22e89a4e6ed36", size = 2071831, upload-time = "2024-09-16T16:04:48.893Z" },
    { url = "https://files.pythonhosted.org/packages/89/4d/3079d00c47f22c9a9a8220db088b309ad6e600a73d7a69473e3a8e5e3ea3/pydantic_core-2.23.4-cp312-cp312-manylinux_2_5_i686.manylinux1_i686.whl", hash = "sha256:68665f4c17edcceecc112dfed5dbe6f92261fb9d6054b47d01bf6371a6196126", size = 1917453, upload-time = "2024-09-16T16:04:51.099Z" },
    { url = "https://files.pythonhosted.org/packages/e9/88/9df5b7ce880a4703fcc2d76c8c2d8eb9f861f79d0c56f4b8f5f2607ccec8/pydantic_core-2.23.4-cp312-cp312-musllinux_1_1_aarch64.whl", hash = "sha256:20152074317d9bed6b7a95ade3b7d6054845d70584216160860425f4fbd5ee9e", size = 1968793, upload-time = "2024-09-16T16:04:52.604Z" },
    { url = "https://files.pythonhosted.org/packages/e3/b9/41f7efe80f6ce2ed3ee3c2dcfe10ab7adc1172f778cc9659509a79518c43/pydantic_core-2.23.4-cp312-cp312-musllinux_1_1_x86_64.whl", hash = "sha256:9261d3ce84fa1d38ed649c3638feefeae23d32ba9182963e465d58d62203bd24", size = 2116872, upload-time = "2024-09-16T16:04:54.41Z" },
    { url = "https://files.pythonhosted.org/packages/63/08/b59b7a92e03dd25554b0436554bf23e7c29abae7cce4b1c459cd92746811/pydantic_core-2.23.4-cp312-none-win32.whl", hash = "sha256:4ba762ed58e8d68657fc1281e9bb72e1c3e79cc5d464be146e260c541ec12d84", size = 1738535, upload-time = "2024-09-16T16:04:55.828Z" },
    { url = "https://files.pythonhosted.org/packages/88/8d/479293e4d39ab409747926eec4329de5b7129beaedc3786eca070605d07f/pydantic_core-2.23.4-cp312-none-win_amd64.whl", hash = "sha256:97df63000f4fea395b2824da80e169731088656d1818a11b95f3b173747b6cd9", size = 1917992, upload-time = "2024-09-16T16:04:57.395Z" },
    { url = "https://files.pythonhosted.org/packages/ad/ef/16ee2df472bf0e419b6bc68c05bf0145c49247a1095e85cee1463c6a44a1/pydantic_core-2.23.4-cp313-cp313-macosx_10_12_x86_64.whl", hash = "sha256:7530e201d10d7d14abce4fb54cfe5b94a0aefc87da539d0346a484ead376c3cc", size = 1856143, upload-time = "2024-09-16T16:04:59.062Z" },
    { url = "https://files.pythonhosted.org/packages/da/fa/bc3dbb83605669a34a93308e297ab22be82dfb9dcf88c6cf4b4f264e0a42/pydantic_core-2.23.4-cp313-cp313-macosx_11_0_arm64.whl", hash = "sha256:df933278128ea1cd77772673c73954e53a1c95a4fdf41eef97c2b779271bd0bd", size = 1770063, upload-time = "2024-09-16T16:05:00.522Z" },
    { url = "https://files.pythonhosted.org/packages/4e/48/e813f3bbd257a712303ebdf55c8dc46f9589ec74b384c9f652597df3288d/pydantic_core-2.23.4-cp313-cp313-manylinux_2_17_aarch64.manylinux2014_aarch64.whl", hash = "sha256:0cb3da3fd1b6a5d0279a01877713dbda118a2a4fc6f0d821a57da2e464793f05", size = 1790013, upload-time = "2024-09-16T16:05:02.619Z" },
    { url = "https://files.pythonhosted.org/packages/b4/e0/56eda3a37929a1d297fcab1966db8c339023bcca0b64c5a84896db3fcc5c/pydantic_core-2.23.4-cp313-cp313-manylinux_2_17_armv7l.manylinux2014_armv7l.whl", hash = "sha256:42c6dcb030aefb668a2b7009c85b27f90e51e6a3b4d5c9bc4c57631292015b0d", size = 1801077, upload-time = "2024-09-16T16:05:04.154Z" },
    { url = "https://files.pythonhosted.org/packages/04/be/5e49376769bfbf82486da6c5c1683b891809365c20d7c7e52792ce4c71f3/pydantic_core-2.23.4-cp313-cp313-manylinux_2_17_ppc64le.manylinux2014_ppc64le.whl", hash = "sha256:696dd8d674d6ce621ab9d45b205df149399e4bb9aa34102c970b721554828510", size = 1996782, upload-time = "2024-09-16T16:05:06.931Z" },
    { url = "https://files.pythonhosted.org/packages/bc/24/e3ee6c04f1d58cc15f37bcc62f32c7478ff55142b7b3e6d42ea374ea427c/pydantic_core-2.23.4-cp313-cp313-manylinux_2_17_s390x.manylinux2014_s390x.whl", hash = "sha256:2971bb5ffe72cc0f555c13e19b23c85b654dd2a8f7ab493c262071377bfce9f6", size = 2661375, upload-time = "2024-09-16T16:05:08.773Z" },
    { url = "https://files.pythonhosted.org/packages/c1/f8/11a9006de4e89d016b8de74ebb1db727dc100608bb1e6bbe9d56a3cbbcce/pydantic_core-2.23.4-cp313-cp313-manylinux_2_17_x86_64.manylinux2014_x86_64.whl", hash = "sha256:8394d940e5d400d04cad4f75c0598665cbb81aecefaca82ca85bd28264af7f9b", size = 2071635, upload-time = "2024-09-16T16:05:10.456Z" },
    { url = "https://files.pythonhosted.org/packages/7c/45/bdce5779b59f468bdf262a5bc9eecbae87f271c51aef628d8c073b4b4b4c/pydantic_core-2.23.4-cp313-cp313-manylinux_2_5_i686.manylinux1_i686.whl", hash = "sha256:0dff76e0602ca7d4cdaacc1ac4c005e0ce0dcfe095d5b5259163a80d3a10d327", size = 1916994, upload-time = "2024-09-16T16:05:12.051Z" },
    { url = "https://files.pythonhosted.org/packages/d8/fa/c648308fe711ee1f88192cad6026ab4f925396d1293e8356de7e55be89b5/pydantic_core-2.23.4-cp313-cp313-musllinux_1_1_aarch64.whl", hash = "sha256:7d32706badfe136888bdea71c0def994644e09fff0bfe47441deaed8e96fdbc6", size = 1968877, upload-time = "2024-09-16T16:05:14.021Z" },
    { url = "https://files.pythonhosted.org/packages/16/16/b805c74b35607d24d37103007f899abc4880923b04929547ae68d478b7f4/pydantic_core-2.23.4-cp313-cp313-musllinux_1_1_x86_64.whl", hash = "sha256:ed541d70698978a20eb63d8c5d72f2cc6d7079d9d90f6b50bad07826f1320f5f", size = 2116814, upload-time = "2024-09-16T16:05:15.684Z" },
    { url = "https://files.pythonhosted.org/packages/d1/58/5305e723d9fcdf1c5a655e6a4cc2a07128bf644ff4b1d98daf7a9dbf57da/pydantic_core-2.23.4-cp313-none-win32.whl", hash = "sha256:3d5639516376dce1940ea36edf408c554475369f5da2abd45d44621cb616f769", size = 1738360, upload-time = "2024-09-16T16:05:17.258Z" },
    { url = "https://files.pythonhosted.org/packages/a5/ae/e14b0ff8b3f48e02394d8acd911376b7b66e164535687ef7dc24ea03072f/pydantic_core-2.23.4-cp313-none-win_amd64.whl", hash = "sha256:5a1504ad17ba4210df3a045132a7baeeba5a200e930f57512ee02909fc5c4cb5", size = 1919411, upload-time = "2024-09-16T16:05:18.934Z" },
]

[[package]]
name = "pydemumble"
version = "0.0.1"
source = { registry = "https://pypi.org/simple" }
sdist = { url = "https://files.pythonhosted.org/packages/c6/a9/1a78b7b6ed256c7bfec610e20658a3c8ed726a4c1a4652f2a17059c3563c/pydemumble-0.0.1.tar.gz", hash = "sha256:715f34fa999add1ef9337d1aae32d3b4b2a2a8dea0ddf363fcb1dac10593ca43", size = 1298294, upload-time = "2025-02-15T05:19:10.803Z" }
wheels = [
    { url = "https://files.pythonhosted.org/packages/5b/75/eaddcd7eddf4e8d0b58c0a88dfa80c5861fa1e0a5da24619ef8cda9c4cb9/pydemumble-0.0.1-cp311-cp311-macosx_10_14_x86_64.whl", hash = "sha256:b1836e900d38a7247edbb698d0a246198842cbadf67c39a7d3b04f1acd81b637", size = 152009, upload-time = "2025-02-15T05:18:40.278Z" },
    { url = "https://files.pythonhosted.org/packages/cf/2e/00c889216aea2169bdead13b0bf3903211da66a8ce112023ae92b7560e25/pydemumble-0.0.1-cp311-cp311-macosx_11_0_arm64.whl", hash = "sha256:f614cb0a9cc26a5a119201d9c6d94ea9e71c49a07e657994bbbf5d9f66b84b8d", size = 145292, upload-time = "2025-02-15T05:18:42.01Z" },
    { url = "https://files.pythonhosted.org/packages/3b/36/0b1f92dcccb7bc66fd0709c05b9d750484862eb24c06b0bf0cda3b84e446/pydemumble-0.0.1-cp311-cp311-manylinux_2_17_aarch64.manylinux2014_aarch64.whl", hash = "sha256:c84e472a694ca346ab65f9f8675fbbfb844044ffa6704fd5b42f536dcb0c5ad0", size = 178014, upload-time = "2025-02-15T05:18:43.779Z" },
    { url = "https://files.pythonhosted.org/packages/f8/c2/94f2c79edd3f645d168d4312800cca314ccdd5174f1f0d951455fb217a44/pydemumble-0.0.1-cp311-cp311-manylinux_2_17_i686.manylinux2014_i686.whl", hash = "sha256:45c34c84bfcf624324681ef973a8c0616af499358e539569fe5f33c8daf653aa", size = 192675, upload-time = "2025-02-15T05:18:44.877Z" },
    { url = "https://files.pythonhosted.org/packages/49/b5/dbab0678137000aad1250290582f4b0bb76823460445b2f56c24207ee2fa/pydemumble-0.0.1-cp311-cp311-manylinux_2_17_x86_64.manylinux2014_x86_64.whl", hash = "sha256:7cfa8bdc651f4a84af618570448d16a7b56f823c0cab166283ead3a5cc42f314", size = 183408, upload-time = "2025-02-15T05:18:46.012Z" },
    { url = "https://files.pythonhosted.org/packages/04/45/e0668f9e6b2b4b267cab91a712ea12a1341d4c2ced09d7c36d21552d5cb8/pydemumble-0.0.1-cp311-cp311-musllinux_1_2_aarch64.whl", hash = "sha256:43186d9772b90b3926c98c818f460bfd5b3bac59713847c8b3855e7939a7279f", size = 590265, upload-time = "2025-02-15T05:18:47.133Z" },
    { url = "https://files.pythonhosted.org/packages/6d/12/bed80adec1a06491320c44147bfe9bcd820d7514c2d0592046f0b53c3115/pydemumble-0.0.1-cp311-cp311-musllinux_1_2_i686.whl", hash = "sha256:2c7a3cb4bf183e8341092f84bb143e332bb9c3912052c0dc0f717fe6dbe7d342", size = 655869, upload-time = "2025-02-15T05:18:48.253Z" },
    { url = "https://files.pythonhosted.org/packages/49/ba/311746cc62491ed4361ea3448b9f2da96f420d4e3ec3783e9b4d81aaf82e/pydemumble-0.0.1-cp311-cp311-musllinux_1_2_x86_64.whl", hash = "sha256:10cfa6ed6ecbe2621e36795d64b70e7f222a23885b54521aaeb2addfba70a57c", size = 609890, upload-time = "2025-02-15T05:18:49.494Z" },
    { url = "https://files.pythonhosted.org/packages/0e/17/0f72ccf61a7a060aa88e434617fe9acde99cf8eb84c2bffdeabf2063c4f3/pydemumble-0.0.1-cp311-cp311-win32.whl", hash = "sha256:1aaaeb161b253948124cf6049231f54acafe14b6db68e692870d3a3e603832af", size = 144949, upload-time = "2025-02-15T05:18:50.75Z" },
    { url = "https://files.pythonhosted.org/packages/c3/03/4d923e4e2c29c54ffd340f3597bc1ed170bc3e5513bfe06fdc5386fe6ce9/pydemumble-0.0.1-cp311-cp311-win_amd64.whl", hash = "sha256:3ff209e71991c8c757d4ede2417c1379d8bda2f03436eb680f10448c240437e1", size = 172908, upload-time = "2025-02-15T05:18:51.751Z" },
    { url = "https://files.pythonhosted.org/packages/69/62/d479f63a145e50fb42dfa1090d0f5a58b3af94d02990e84c09c7b8cc2e7c/pydemumble-0.0.1-cp312-abi3-macosx_10_14_x86_64.whl", hash = "sha256:2dc4848ad97afb897877ee537820b38f427e30fe0a3b8dac25fe5c7b44d60cf0", size = 150273, upload-time = "2025-02-15T05:18:52.897Z" },
    { url = "https://files.pythonhosted.org/packages/fa/3e/4acec3739eef2b05779d250cbb9420feb61d8a3a1945651826620c03be12/pydemumble-0.0.1-cp312-abi3-macosx_11_0_arm64.whl", hash = "sha256:f5c770fde6b5929b5b386fe99960e6c237d62860c0eea0267f179034716c3ca0", size = 143501, upload-time = "2025-02-15T05:18:53.946Z" },
    { url = "https://files.pythonhosted.org/packages/97/23/2ca50587a14cff273f3c4bb42dd42c87efd921ed09974bd7c43fcd8e02bc/pydemumble-0.0.1-cp312-abi3-manylinux_2_17_aarch64.manylinux2014_aarch64.whl", hash = "sha256:94d7348778ed7a483cec06554b6367decb9c16da1a1b251e56faa21f2f34b4cc", size = 175584, upload-time = "2025-02-15T05:18:54.952Z" },
    { url = "https://files.pythonhosted.org/packages/6e/88/504c1bcd70bf970e387eaf789fd89637d01b333ba2c1b0975977fc7f0d64/pydemumble-0.0.1-cp312-abi3-manylinux_2_17_i686.manylinux2014_i686.whl", hash = "sha256:18c83eeab994eab54640d347564799dd651857d06b1cdaf60fb81d2215c55a20", size = 190161, upload-time = "2025-02-15T05:18:56.077Z" },
    { url = "https://files.pythonhosted.org/packages/df/5c/c9f981ea7b10817ec3b71a9d1790deb2c90031ec800e974cf432701efe49/pydemumble-0.0.1-cp312-abi3-manylinux_2_17_x86_64.manylinux2014_x86_64.whl", hash = "sha256:24ff7fe892dd90e9a73e8a8e8225247820613b2ac9e6b6d5cf916f3a1d51cc1d", size = 181234, upload-time = "2025-02-15T05:18:57.211Z" },
    { url = "https://files.pythonhosted.org/packages/2c/ee/e249299975181286cfdbffcd070856e950451d1859aeb564a5ca28ac18a5/pydemumble-0.0.1-cp312-abi3-musllinux_1_2_aarch64.whl", hash = "sha256:488c2ee1c743d0989bdc67c802c941900db77cc8150fb100f38eca2e3a462d5b", size = 588544, upload-time = "2025-02-15T05:18:58.351Z" },
    { url = "https://files.pythonhosted.org/packages/81/bb/06c2a4861a3f7945d2918f6142bf688eaf4fa6424ddd46e792f00399fee6/pydemumble-0.0.1-cp312-abi3-musllinux_1_2_i686.whl", hash = "sha256:20a3e1e672ab210139640658f4ef3b4e7abe48f4562fc14947b538b95ab3e1c2", size = 653900, upload-time = "2025-02-15T05:18:59.443Z" },
    { url = "https://files.pythonhosted.org/packages/e2/23/7edfc6c6f4fba5fa3f371cdc3ecd774ab98bc4efb8a688a89b802a553f13/pydemumble-0.0.1-cp312-abi3-musllinux_1_2_x86_64.whl", hash = "sha256:76f8bd943d8eec3b65beb09e97fd3a5994a519700243e5ecaf6a6a3ebe3e3809", size = 607638, upload-time = "2025-02-15T05:19:00.684Z" },
    { url = "https://files.pythonhosted.org/packages/28/a2/b4f22086fb6d479cd01410cd0a57c39748736315a7a6a753f2d6ab9e6b22/pydemumble-0.0.1-cp312-abi3-win32.whl", hash = "sha256:63b965b89401ededcf8fc879196586a6427f4d4ba2be32953170b1965f34b51b", size = 143771, upload-time = "2025-02-15T05:19:01.838Z" },
    { url = "https://files.pythonhosted.org/packages/6f/7c/d7dc551b63c79795cad5a3c35b0799437e0d34de8d93a3ffb3539bbc8930/pydemumble-0.0.1-cp312-abi3-win_amd64.whl", hash = "sha256:6dd17d309a9b7bd2eaf697e9b07d35d5c88ce30026d12cf6e58d8a9900a737c4", size = 171611, upload-time = "2025-02-15T05:19:02.881Z" },
]

[[package]]
name = "pyghidra"
version = "2.2.0"
source = { registry = "https://pypi.org/simple" }
dependencies = [
    { name = "jpype1" },
    { name = "packaging" },
]
sdist = { url = "https://files.pythonhosted.org/packages/f0/0b/b4a01e9499a290b9b2a09b59d9c96c2f76e309da148f8e07716913570422/pyghidra-2.2.0.tar.gz", hash = "sha256:b72cd789c9c7739b9c8954d13e0a45d979ccf419cae706e445009005a72c134e", size = 42968, upload-time = "2025-06-24T16:44:13.244Z" }
wheels = [
    { url = "https://files.pythonhosted.org/packages/04/c9/5ed2b6591ff4a6853a60ad6ec534c6221ec8e93eb254ae2e47307ecdb22a/pyghidra-2.2.0-py3-none-any.whl", hash = "sha256:e06a056e24d9baad937f221233b4e8182b3b80f22f92204d96083b565f5ea7a7", size = 43158, upload-time = "2025-06-24T16:44:00.514Z" },
]

[[package]]
name = "pystache"
version = "0.6.8"
source = { registry = "https://pypi.org/simple" }
sdist = { url = "https://files.pythonhosted.org/packages/85/89/0a712ca22930b8c71bced8703e5bb45669c31690ea81afe15f6cb284550c/pystache-0.6.8.tar.gz", hash = "sha256:3707518e6a4d26dd189b07c10c669b1fc17df72684617c327bd3550e7075c72c", size = 101892, upload-time = "2025-03-18T11:54:47.595Z" }
wheels = [
    { url = "https://files.pythonhosted.org/packages/fa/78/ffd13a516219129cef6a754a11ba2a1c0d69f1e281af4f6bca9ed5327219/pystache-0.6.8-py3-none-any.whl", hash = "sha256:7211e000974a6e06bce2d4d5cad8df03bcfffefd367209117376e4527a1c3cb8", size = 82051, upload-time = "2025-03-18T11:54:45.813Z" },
]

[[package]]
name = "reccmp"
version = "0.1.0"
source = { git = "https://github.com/isledecomp/reccmp.git?rev=master#49b30f869b8e2aae01178b5a8e887db98a2ef3fb" }
dependencies = [
    { name = "capstone" },
    { name = "colorama" },
    { name = "pydantic" },
    { name = "pydemumble" },
    { name = "pyghidra" },
    { name = "pystache" },
    { name = "ruamel-yaml" },
    { name = "setuptools", marker = "python_full_version >= '3.12'" },
]

[[package]]
name = "ruamel-yaml"
version = "0.19.1"
source = { registry = "https://pypi.org/simple" }
sdist = { url = "https://files.pythonhosted.org/packages/c7/3b/ebda527b56beb90cb7652cb1c7e4f91f48649fbcd8d2eb2fb6e77cd3329b/ruamel_yaml-0.19.1.tar.gz", hash = "sha256:53eb66cd27849eff968ebf8f0bf61f46cdac2da1d1f3576dd4ccee9b25c31993", size = 142709, upload-time = "2026-01-02T16:50:31.84Z" }
wheels = [
    { url = "https://files.pythonhosted.org/packages/b8/0c/51f6841f1d84f404f92463fc2b1ba0da357ca1e3db6b7fbda26956c3b82a/ruamel_yaml-0.19.1-py3-none-any.whl", hash = "sha256:27592957fedf6e0b62f281e96effd28043345e0e66001f97683aa9a40c667c93", size = 118102, upload-time = "2026-01-02T16:50:29.201Z" },
]

[[package]]
name = "setuptools"
version = "82.0.0"
source = { registry = "https://pypi.org/simple" }
sdist = { url = "https://files.pythonhosted.org/packages/82/f3/748f4d6f65d1756b9ae577f329c951cda23fb900e4de9f70900ced962085/setuptools-82.0.0.tar.gz", hash = "sha256:22e0a2d69474c6ae4feb01951cb69d515ed23728cf96d05513d36e42b62b37cb", size = 1144893, upload-time = "2026-02-08T15:08:40.206Z" }
wheels = [
    { url = "https://files.pythonhosted.org/packages/e1/c6/76dc613121b793286a3f91621d7b75a2b493e0390ddca50f11993eadf192/setuptools-82.0.0-py3-none-any.whl", hash = "sha256:70b18734b607bd1da571d097d236cfcfacaf01de45717d59e6e04b96877532e0", size = 1003468, upload-time = "2026-02-08T15:08:38.723Z" },
]

[[package]]
name = "typing-extensions"
version = "4.15.0"
source = { registry = "https://pypi.org/simple" }
sdist = { url = "https://files.pythonhosted.org/packages/72/94/1a15dd82efb362ac84269196e94cf00f187f7ed21c242792a923cdb1c61f/typing_extensions-4.15.0.tar.gz", hash = "sha256:0cea48d173cc12fa28ecabc3b837ea3cf6f38c6d1136f85cbaaf598984861466", size = 109391, upload-time = "2025-08-25T13:49:26.313Z" }
wheels = [
    { url = "https://files.pythonhosted.org/packages/18/67/36e9267722cc04a6b9f15c7f3441c2363321a3ea07da7ae0c0707beb2a9c/typing_extensions-4.15.0-py3-none-any.whl", hash = "sha256:f0fa19c6845758ab08074a0cfa8b7aecb71c999ca73d62883bc25cc018c4e548", size = 44614, upload-time = "2025-08-25T13:49:24.86Z" },
]
